
Microsoft Visual Studio Solution File, Format Version 12.00
# Visual Studio Version 16
VisualStudioVersion = 16.0.30225.117
MinimumVisualStudioVersion = 10.0.40219.1
Project("{9A19103F-16F7-4668-BE54-9A1E7A4F7556}") = "ColladaNET", "ColladaNET\ColladaNET.csproj", "{ACE04889-542C-443F-95AA-C38B39586844}"
EndProject
Global
	GlobalSection(SolutionConfigurationPlatforms) = preSolution
		Debug|Any CPU = Debug|Any CPU
		Debug|x86 = Debug|x86
		Release|Any CPU = Release|Any CPU
		Release|x86 = Release|x86
	EndGlobalSection
	GlobalSection(ProjectConfigurationPlatforms) = postSolution
		{ACE04889-542C-443F-95AA-C38B39586844}.Debug|Any CPU.ActiveCfg = Debug|Any CPU
		{ACE04889-542C-443F-95AA-C38B39586844}.Debug|Any CPU.Build.0 = Debug|Any CPU
		{ACE04889-542C-443F-95AA-C38B39586844}.Debug|x86.ActiveCfg = Debug|Any CPU
		{ACE04889-542C-443F-95AA-C38B39586844}.Debug|x86.Build.0 = Debug|Any CPU
		{ACE04889-542C-443F-95AA-C38B39586844}.Release|Any CPU.ActiveCfg = Release|Any CPU
		{ACE04889-542C-443F-95AA-C38B39586844}.Release|Any CPU.Build.0 = Release|Any CPU
		{ACE04889-542C-443F-95AA-C38B39586844}.Release|x86.ActiveCfg = Release|Any CPU
		{ACE04889-542C-443F-95AA-C38B39586844}.Release|x86.Build.0 = Release|Any CPU
	EndGlobalSection
	GlobalSection(SolutionProperties) = preSolution
		HideSolutionNode = FALSE
	EndGlobalSection
	GlobalSection(ExtensibilityGlobals) = postSolution
		SolutionGuid = {1C7370DD-B3B4-4ECF-8856-0E3852F616C0}
	EndGlobalSection
EndGlobal
